<?xml version="1.0" encoding="utf-8"?>
<Project ToolsVersion="4.0" xmlns="http://schemas.microsoft.com/developer/msbuild/2003">
  <ItemGroup>
    <Filter Include="Source Files">
      <UniqueIdentifier>{4FC737F1-C7A5-4376-A066-2A32D752A2FF}</UniqueIdentifier>
      <Extensions>cpp;c;cc;cxx;c++;cppm;ixx;def;odl;idl;hpj;bat;asm;asmx</Extensions>
    </Filter>
    <Filter Include="Header Files">
      <UniqueIdentifier>{93995380-89BD-4b04-88EB-625FBE52EBFB}</UniqueIdentifier>
      <Extensions>h;hh;hpp;hxx;h++;hm;inl;inc;ipp;xsd</Extensions>
    </Filter>
    <Filter Include="Resource Files">
      <UniqueIdentifier>{67DA6AB6-F800-4c08-8B7A-83BB121AAD01}</UniqueIdentifier>
      <Extensions>rc;ico;cur;bmp;dlg;rc2;rct;bin;rgs;gif;jpg;jpeg;jpe;resx;tiff;tif;png;wav;mfcribbon-ms</Extensions>
    </Filter>
    <Filter Include="Source Files\Dependencies">
      <UniqueIdentifier>{b9472ecd-599f-47cc-b9fa-b0e4767f9520}</UniqueIdentifier>
    </Filter>
    <Filter Include="Source Files\Dependencies\glad">
      <UniqueIdentifier>{2be804e9-2f75-42ed-a49f-5ca3808a9563}</UniqueIdentifier>
    </Filter>
    <Filter Include="Header Files\Dependencies">
      <UniqueIdentifier>{cc9ada74-74b8-4620-a5e8-b692f07ae86e}</UniqueIdentifier>
    </Filter>
    <Filter Include="Header Files\Dependencies\glad">
      <UniqueIdentifier>{bc61c0b1-f7a2-4032-8588-b67bc28dd506}</UniqueIdentifier>
    </Filter>
  </ItemGroup>
  <ItemGroup>
    <ClCompile Include="main.cpp">
      <Filter>Source Files</Filter>
    </ClCompile>
    <ClCompile Include="External\Source\glad.c">
      <Filter>Source Files</Filter>
    </ClCompile>
    <ClCompile Include="Dependencies\GLAD\glad.c">
      <Filter>Source Files\Dependencies\glad</Filter>
    </ClCompile>
  </ItemGroup>
  <ItemGroup>
    <ClInclude Include="Dependencies\GLAD\glad.h">
      <Filter>Header Files\Dependencies\glad</Filter>
    </ClInclude>
  </ItemGroup>
</Project>